// !$*UTF8*$!
{
	archiveVersion = 1;
	classes = {
	};
	objectVersion = 46;
	objects = {

/* Begin PBXBuildFile section */
		3D6D44071EBA5C2C0052F5FE /* AppDelegate.swift in Sources */ = {isa = PBXBuildFile; fileRef = 3D6D44061EBA5C2C0052F5FE /* AppDelegate.swift */; };
		3D6D44091EBA5C2C0052F5FE /* ViewController.swift in Sources */ = {isa = PBXBuildFile; fileRef = 3D6D44081EBA5C2C0052F5FE /* ViewController.swift */; };
		3D6D440C1EBA5C2C0052F5FE /* Main.storyboard in Resources */ = {isa = PBXBuildFile; fileRef = 3D6D440A1EBA5C2C0052F5FE /* Main.storyboard */; };
		3D6D440E1EBA5C2C0052F5FE /* Assets.xcassets in Resources */ = {isa = PBXBuildFile; fileRef = 3D6D440D1EBA5C2C0052F5FE /* Assets.xcassets */; };
		3D6D44111EBA5C2C0052F5FE /* LaunchScreen.storyboard in Resources */ = {isa = PBXBuildFile; fileRef = 3D6D440F1EBA5C2C0052F5FE /* LaunchScreen.storyboard */; };
		3D6D441C1EBA5C2D0052F5FE /* TackyToeTests.swift in Sources */ = {isa = PBXBuildFile; fileRef = 3D6D441B1EBA5C2D0052F5FE /* TackyToeTests.swift */; };
		3D6D44271EBA5C2D0052F5FE /* TackyToeUITests.swift in Sources */ = {isa = PBXBuildFile; fileRef = 3D6D44261EBA5C2D0052F5FE /* TackyToeUITests.swift */; };
		3D6D44351EBA5D900052F5FE /* PrettyButton.swift in Sources */ = {isa = PBXBuildFile; fileRef = 3D6D44341EBA5D900052F5FE /* PrettyButton.swift */; };
/* End PBXBuildFile section */

/* Begin PBXContainerItemProxy section */
		3D6D44181EBA5C2D0052F5FE /* PBXContainerItemProxy */ = {
			isa = PBXContainerItemProxy;
			containerPortal = 3D6D43FB1EBA5C2C0052F5FE /* Project object */;
			proxyType = 1;
			remoteGlobalIDString = 3D6D44021EBA5C2C0052F5FE;
			remoteInfo = TackyToe;
		};
		3D6D44231EBA5C2D0052F5FE /* PBXContainerItemProxy */ = {
			isa = PBXContainerItemProxy;
			containerPortal = 3D6D43FB1EBA5C2C0052F5FE /* Project object */;
			proxyType = 1;
			remoteGlobalIDString = 3D6D44021EBA5C2C0052F5FE;
			remoteInfo = TackyToe;
		};
/* End PBXContainerItemProxy section */

/* Begin PBXFileReference section */
		3D6D44031EBA5C2C0052F5FE /* TackyToe.app */ = {isa = PBXFileReference; explicitFileType = wrapper.application; includeInIndex = 0; path = TackyToe.app; sourceTree = BUILT_PRODUCTS_DIR; };
		3D6D44061EBA5C2C0052F5FE /* AppDelegate.swift */ = {isa = PBXFileReference; lastKnownFileType = sourcecode.swift; path = AppDelegate.swift; sourceTree = "<group>"; };
		3D6D44081EBA5C2C0052F5FE /* ViewController.swift */ = {isa = PBXFileReference; lastKnownFileType = sourcecode.swift; path = ViewController.swift; sourceTree = "<group>"; };
		3D6D440B1EBA5C2C0052F5FE /* Base */ = {isa = PBXFileReference; lastKnownFileType = file.storyboard; name = Base; path = Base.lproj/Main.storyboard; sourceTree = "<group>"; };
		3D6D440D1EBA5C2C0052F5FE /* Assets.xcassets */ = {isa = PBXFileReference; lastKnownFileType = folder.assetcatalog; path = Assets.xcassets; sourceTree = "<group>"; };
		3D6D44101EBA5C2C0052F5FE /* Base */ = {isa = PBXFileReference; lastKnownFileType = file.storyboard; name = Base; path = Base.lproj/LaunchScreen.storyboard; sourceTree = "<group>"; };
		3D6D44121EBA5C2C0052F5FE /* Info.plist */ = {isa = PBXFileReference; lastKnownFileType = text.plist.xml; path = Info.plist; sourceTree = "<group>"; };
		3D6D44171EBA5C2D0052F5FE /* TackyToeTests.xctest */ = {isa = PBXFileReference; explicitFileType = wrapper.cfbundle; includeInIndex = 0; path = TackyToeTests.xctest; sourceTree = BUILT_PRODUCTS_DIR; };
		3D6D441B1EBA5C2D0052F5FE /* TackyToeTests.swift */ = {isa = PBXFileReference; lastKnownFileType = sourcecode.swift; path = TackyToeTests.swift; sourceTree = "<group>"; };
		3D6D441D1EBA5C2D0052F5FE /* Info.plist */ = {isa = PBXFileReference; lastKnownFileType = text.plist.xml; path = Info.plist; sourceTree = "<group>"; };
		3D6D44221EBA5C2D0052F5FE /* TackyToeUITests.xctest */ = {isa = PBXFileReference; explicitFileType = wrapper.cfbundle; includeInIndex = 0; path = TackyToeUITests.xctest; sourceTree = BUILT_PRODUCTS_DIR; };
		3D6D44261EBA5C2D0052F5FE /* TackyToeUITests.swift */ = {isa = PBXFileReference; lastKnownFileType = sourcecode.swift; path = TackyToeUITests.swift; sourceTree = "<group>"; };
		3D6D44281EBA5C2D0052F5FE /* Info.plist */ = {isa = PBXFileReference; lastKnownFileType = text.plist.xml; path = Info.plist; sourceTree = "<group>"; };
		3D6D44341EBA5D900052F5FE /* PrettyButton.swift */ = {isa = PBXFileReference; fileEncoding = 4; lastKnownFileType = sourcecode.swift; path = PrettyButton.swift; sourceTree = "<group>"; };
/* End PBXFileReference section */

/* Begin PBXFrameworksBuildPhase section */
		3D6D44001EBA5C2C0052F5FE /* Frameworks */ = {
			isa = PBXFrameworksBuildPhase;
			buildActionMask = 2147483647;
			files = (
			);
			runOnlyForDeploymentPostprocessing = 0;
		};
		3D6D44141EBA5C2D0052F5FE /* Frameworks */ = {
			isa = PBXFrameworksBuildPhase;
			buildActionMask = 2147483647;
			files = (
			);
			runOnlyForDeploymentPostprocessing = 0;
		};
		3D6D441F1EBA5C2D0052F5FE /* Frameworks */ = {
			isa = PBXFrameworksBuildPhase;
			buildActionMask = 2147483647;
			files = (
			);
			runOnlyForDeploymentPostprocessing = 0;
		};
/* End PBXFrameworksBuildPhase section */

/* Begin PBXGroup section */
		3D6D43FA1EBA5C2C0052F5FE = {
			isa = PBXGroup;
			children = (
				3D6D44051EBA5C2C0052F5FE /* TackyToe */,
				3D6D441A1EBA5C2D0052F5FE /* TackyToeTests */,
				3D6D44251EBA5C2D0052F5FE /* TackyToeUITests */,
				3D6D44041EBA5C2C0052F5FE /* Products */,
			);
			sourceTree = "<group>";
		};
		3D6D44041EBA5C2C0052F5FE /* Products */ = {
			isa = PBXGroup;
			children = (
				3D6D44031EBA5C2C0052F5FE /* TackyToe.app */,
				3D6D44171EBA5C2D0052F5FE /* TackyToeTests.xctest */,
				3D6D44221EBA5C2D0052F5FE /* TackyToeUITests.xctest */,
			);
			name = Products;
			sourceTree = "<group>";
		};
		3D6D44051EBA5C2C0052F5FE /* TackyToe */ = {
			isa = PBXGroup;
			children = (
				3D6D44341EBA5D900052F5FE /* PrettyButton.swift */,
				3D6D44061EBA5C2C0052F5FE /* AppDelegate.swift */,
				3D6D44081EBA5C2C0052F5FE /* ViewController.swift */,
				3D6D440A1EBA5C2C0052F5FE /* Main.storyboard */,
				3D6D440D1EBA5C2C0052F5FE /* Assets.xcassets */,
				3D6D440F1EBA5C2C0052F5FE /* LaunchScreen.storyboard */,
				3D6D44121EBA5C2C0052F5FE /* Info.plist */,
			);
			path = TackyToe;
			sourceTree = "<group>";
		};
		3D6D441A1EBA5C2D0052F5FE /* TackyToeTests */ = {
			isa = PBXGroup;
			children = (
				3D6D441B1EBA5C2D0052F5FE /* TackyToeTests.swift */,
				3D6D441D1EBA5C2D0052F5FE /* Info.plist */,
			);
			path = TackyToeTests;
			sourceTree = "<group>";
		};
		3D6D44251EBA5C2D0052F5FE /* TackyToeUITests */ = {
			isa = PBXGroup;
			children = (
				3D6D44261EBA5C2D0052F5FE /* TackyToeUITests.swift */,
				3D6D44281EBA5C2D0052F5FE /* Info.plist */,
			);
			path = TackyToeUITests;
			sourceTree = "<group>";
		};
/* End PBXGroup section */

/* Begin PBXNativeTarget section */
		3D6D44021EBA5C2C0052F5FE /* TackyToe */ = {
			isa = PBXNativeTarget;
			buildConfigurationList = 3D6D442B1EBA5C2D0052F5FE /* Build configuration list for PBXNativeTarget "TackyToe" */;
			buildPhases = (
				3D6D43FF1EBA5C2C0052F5FE /* Sources */,
				3D6D44001EBA5C2C0052F5FE /* Frameworks */,
				3D6D44011EBA5C2C0052F5FE /* Resources */,
			);
			buildRules = (
			);
			dependencies = (
			);
			name = TackyToe;
			productName = TackyToe;
			productReference = 3D6D44031EBA5C2C0052F5FE /* TackyToe.app */;
			productType = "com.apple.product-type.application";
		};
		3D6D44161EBA5C2D0052F5FE /* TackyToeTests */ = {
			isa = PBXNativeTarget;
			buildConfigurationList = 3D6D442E1EBA5C2D0052F5FE /* Build configuration list for PBXNativeTarget "TackyToeTests" */;
			buildPhases = (
				3D6D44131EBA5C2D0052F5FE /* Sources */,
				3D6D44141EBA5C2D0052F5FE /* Frameworks */,
				3D6D44151EBA5C2D0052F5FE /* Resources */,
			);
			buildRules = (
			);
			dependencies = (
				3D6D44191EBA5C2D0052F5FE /* PBXTargetDependency */,
			);
			name = TackyToeTests;
			productName = TackyToeTests;
			productReference = 3D6D44171EBA5C2D0052F5FE /* TackyToeTests.xctest */;
			productType = "com.apple.product-type.bundle.unit-test";
		};
		3D6D44211EBA5C2D0052F5FE /* TackyToeUITests */ = {
			isa = PBXNativeTarget;
			buildConfigurationList = 3D6D44311EBA5C2D0052F5FE /* Build configuration list for PBXNativeTarget "TackyToeUITests" */;
			buildPhases = (
				3D6D441E1EBA5C2D0052F5FE /* Sources */,
				3D6D441F1EBA5C2D0052F5FE /* Frameworks */,
				3D6D44201EBA5C2D0052F5FE /* Resources */,
			);
			buildRules = (
			);
			dependencies = (
				3D6D44241EBA5C2D0052F5FE /* PBXTargetDependency */,
			);
			name = TackyToeUITests;
			productName = TackyToeUITests;
			productReference = 3D6D44221EBA5C2D0052F5FE /* TackyToeUITests.xctest */;
			productType = "com.apple.product-type.bundle.ui-testing";
		};
/* End PBXNativeTarget section */

/* Begin PBXProject section */
		3D6D43FB1EBA5C2C0052F5FE /* Project object */ = {
			isa = PBXProject;
			attributes = {
				LastSwiftUpdateCheck = 0830;
				LastUpgradeCheck = 0830;
				ORGANIZATIONNAME = "Kelly Robinson";
				TargetAttributes = {
					3D6D44021EBA5C2C0052F5FE = {
						CreatedOnToolsVersion = 8.3.2;
						DevelopmentTeam = EJ39HX343P;
						ProvisioningStyle = Automatic;
					};
					3D6D44161EBA5C2D0052F5FE = {
						CreatedOnToolsVersion = 8.3.2;
						ProvisioningStyle = Automatic;
						TestTargetID = 3D6D44021EBA5C2C0052F5FE;
					};
					3D6D44211EBA5C2D0052F5FE = {
						CreatedOnToolsVersion = 8.3.2;
						ProvisioningStyle = Automatic;
						TestTargetID = 3D6D44021EBA5C2C0052F5FE;
					};
				};
			};
			buildConfigurationList = 3D6D43FE1EBA5C2C0052F5FE /* Build configuration list for PBXProject "TackyToe" */;
			compatibilityVersion = "Xcode 3.2";
			developmentRegion = English;
			hasScannedForEncodings = 0;
			knownRegions = (
				en,
				Base,
			);
			mainGroup = 3D6D43FA1EBA5C2C0052F5FE;
			productRefGroup = 3D6D44041EBA5C2C0052F5FE /* Products */;
			projectDirPath = "";
			projectRoot = "";
			targets = (
				3D6D44021EBA5C2C0052F5FE /* TackyToe */,
				3D6D44161EBA5C2D0052F5FE /* TackyToeTests */,
				3D6D44211EBA5C2D0052F5FE /* TackyToeUITests */,
			);
		};
/* End PBXProject section */

/* Begin PBXResourcesBuildPhase section */
		3D6D44011EBA5C2C0052F5FE /* Resources */ = {
			isa = PBXResourcesBuildPhase;
			buildActionMask = 2147483647;
			files = (
				3D6D44111EBA5C2C0052F5FE /* LaunchScreen.storyboard in Resources */,
				3D6D440E1EBA5C2C0052F5FE /* Assets.xcassets in Resources */,
				3D6D440C1EBA5C2C0052F5FE /* Main.storyboard in Resources */,
			);
			runOnlyForDeploymentPostprocessing = 0;
		};
		3D6D44151EBA5C2D0052F5FE /* Resources */ = {
			isa = PBXResourcesBuildPhase;
			buildActionMask = 2147483647;
			files = (
			);
			runOnlyForDeploymentPostprocessing = 0;
		};
		3D6D44201EBA5C2D0052F5FE /* Resources */ = {
			isa = PBXResourcesBuildPhase;
			buildActionMask = 2147483647;
			files = (
			);
			runOnlyForDeploymentPostprocessing = 0;
		};
/* End PBXResourcesBuildPhase section */

/* Begin PBXSourcesBuildPhase section */
		3D6D43FF1EBA5C2C0052F5FE /* Sources */ = {
			isa = PBXSourcesBuildPhase;
			buildActionMask = 2147483647;
			files = (
				3D6D44091EBA5C2C0052F5FE /* ViewController.swift in Sources */,
				3D6D44351EBA5D900052F5FE /* PrettyButton.swift in Sources */,
				3D6D44071EBA5C2C0052F5FE /* AppDelegate.swift in Sources */,
			);
			runOnlyForDeploymentPostprocessing = 0;
		};
		3D6D44131EBA5C2D0052F5FE /* Sources */ = {
			isa = PBXSourcesBuildPhase;
			buildActionMask = 2147483647;
			files = (
				3D6D441C1EBA5C2D0052F5FE /* TackyToeTests.swift in Sources */,
			);
			runOnlyForDeploymentPostprocessing = 0;
		};
		3D6D441E1EBA5C2D0052F5FE /* Sources */ = {
			isa = PBXSourcesBuildPhase;
			buildActionMask = 2147483647;
			files = (
				3D6D44271EBA5C2D0052F5FE /* TackyToeUITests.swift in Sources */,
			);
			runOnlyForDeploymentPostprocessing = 0;
		};
/* End PBXSourcesBuildPhase section */

/* Begin PBXTargetDependency section */
		3D6D44191EBA5C2D0052F5FE /* PBXTargetDependency */ = {
			isa = PBXTargetDependency;
			target = 3D6D44021EBA5C2C0052F5FE /* TackyToe */;
			targetProxy = 3D6D44181EBA5C2D0052F5FE /* PBXContainerItemProxy */;
		};
		3D6D44241EBA5C2D0052F5FE /* PBXTargetDependency */ = {
			isa = PBXTargetDependency;
			target = 3D6D44021EBA5C2C0052F5FE /* TackyToe */;
			targetProxy = 3D6D44231EBA5C2D0052F5FE /* PBXContainerItemProxy */;
		};
/* End PBXTargetDependency section */

/* Begin PBXVariantGroup section */
		3D6D440A1EBA5C2C0052F5FE /* Main.storyboard */ = {
			isa = PBXVariantGroup;
			children = (
				3D6D440B1EBA5C2C0052F5FE /* Base */,
			);
			name = Main.storyboard;
			sourceTree = "<group>";
		};
		3D6D440F1EBA5C2C0052F5FE /* LaunchScreen.storyboard */ = {
			isa = PBXVariantGroup;
			children = (
				3D6D44101EBA5C2C0052F5FE /* Base */,
			);
			name = LaunchScreen.storyboard;
			sourceTree = "<group>";
		};
/* End PBXVariantGroup section */

/* Begin XCBuildConfiguration section */
		3D6D44291EBA5C2D0052F5FE /* Debug */ = {
			isa = XCBuildConfiguration;
			buildSettings = {
				ALWAYS_SEARCH_USER_PATHS = NO;
				CLANG_ANALYZER_NONNULL = YES;
				CLANG_ANALYZER_NUMBER_OBJECT_CONVERSION = YES_AGGRESSIVE;
				CLANG_CXX_LANGUAGE_STANDARD = "gnu++0x";
				CLANG_CXX_LIBRARY = "libc++";
				CLANG_ENABLE_MODULES = YES;
				CLANG_ENABLE_OBJC_ARC = YES;
				CLANG_WARN_BOOL_CONVERSION = YES;
				CLANG_WARN_CONSTANT_CONVERSION = YES;
				CLANG_WARN_DIRECT_OBJC_ISA_USAGE = YES_ERROR;
				CLANG_WARN_DOCUMENTATION_COMMENTS = YES;
				CLANG_WARN_EMPTY_BODY = YES;
				CLANG_WARN_ENUM_CONVERSION = YES;
				CLANG_WARN_INFINITE_RECURSION = YES;
				CLANG_WARN_INT_CONVERSION = YES;
				CLANG_WARN_OBJC_ROOT_CLASS = YES_ERROR;
				CLANG_WARN_SUSPICIOUS_MOVE = YES;
				CLANG_WARN_UNREACHABLE_CODE = YES;
				CLANG_WARN__DUPLICATE_METHOD_MATCH = YES;
				"CODE_SIGN_IDENTITY[sdk=iphoneos*]" = "iPhone Developer";
				COPY_PHASE_STRIP = NO;
				DEBUG_INFORMATION_FORMAT = dwarf;
				ENABLE_STRICT_OBJC_MSGSEND = YES;
				ENABLE_TESTABILITY = YES;
				GCC_C_LANGUAGE_STANDARD = gnu99;
				GCC_DYNAMIC_NO_PIC = NO;
				GCC_NO_COMMON_BLOCKS = YES;
				GCC_OPTIMIZATION_LEVEL = 0;
				GCC_PREPROCESSOR_DEFINITIONS = (
					"DEBUG=1",
					"$(inherited)",
				);
				GCC_WARN_64_TO_32_BIT_CONVERSION = YES;
				GCC_WARN_ABOUT_RETURN_TYPE = YES_ERROR;
				GCC_WARN_UNDECLARED_SELECTOR = YES;
				GCC_WARN_UNINITIALIZED_AUTOS = YES_AGGRESSIVE;
				GCC_WARN_UNUSED_FUNCTION = YES;
				GCC_WARN_UNUSED_VARIABLE = YES;
				IPHONEOS_DEPLOYMENT_TARGET = 10.3;
				MTL_ENABLE_DEBUG_INFO = YES;
				ONLY_ACTIVE_ARCH = YES;
				SDKROOT = iphoneos;
				SWIFT_ACTIVE_COMPILATION_CONDITIONS = DEBUG;
				SWIFT_OPTIMIZATION_LEVEL = "-Onone";
				TARGETED_DEVICE_FAMILY = "1,2";
			};
			name = Debug;
		};
		3D6D442A1EBA5C2D0052F5FE /* Release */ = {
			isa = XCBuildConfiguration;
			buildSettings = {
				ALWAYS_SEARCH_USER_PATHS = NO;
				CLANG_ANALYZER_NONNULL = YES;
				CLANG_ANALYZER_NUMBER_OBJECT_CONVERSION = YES_AGGRESSIVE;
				CLANG_CXX_LANGUAGE_STANDARD = "gnu++0x";
				CLANG_CXX_LIBRARY = "libc++";
				CLANG_ENABLE_MODULES = YES;
				CLANG_ENABLE_OBJC_ARC = YES;
				CLANG_WARN_BOOL_CONVERSION = YES;
				CLANG_WARN_CONSTANT_CONVERSION = YES;
				CLANG_WARN_DIRECT_OBJC_ISA_USAGE = YES_ERROR;
				CLANG_WARN_DOCUMENTATION_COMMENTS = YES;
				CLANG_WARN_EMPTY_BODY = YES;
				CLANG_WARN_ENUM_CONVERSION = YES;
				CLANG_WARN_INFINITE_RECURSION = YES;
				CLANG_WARN_INT_CONVERSION = YES;
				CLANG_WARN_OBJC_ROOT_CLASS = YES_ERROR;
				CLANG_WARN_SUSPICIOUS_MOVE = YES;
				CLANG_WARN_UNREACHABLE_CODE = YES;
				CLANG_WARN__DUPLICATE_METHOD_MATCH = YES;
				"CODE_SIGN_IDENTITY[sdk=iphoneos*]" = "iPhone Developer";
				COPY_PHASE_STRIP = NO;
				DEBUG_INFORMATION_FORMAT = "dwarf-with-dsym";
				ENABLE_NS_ASSERTIONS = NO;
				ENABLE_STRICT_OBJC_MSGSEND = YES;
				GCC_C_LANGUAGE_STANDARD = gnu99;
				GCC_NO_COMMON_BLOCKS = YES;
				GCC_WARN_64_TO_32_BIT_CONVERSION = YES;
				GCC_WARN_ABOUT_RETURN_TYPE = YES_ERROR;
				GCC_WARN_UNDECLARED_SELECTOR = YES;
				GCC_WARN_UNINITIALIZED_AUTOS = YES_AGGRESSIVE;
				GCC_WARN_UNUSED_FUNCTION = YES;
				GCC_WARN_UNUSED_VARIABLE = YES;
				IPHONEOS_DEPLOYMENT_TARGET = 10.3;
				MTL_ENABLE_DEBUG_INFO = NO;
				SDKROOT = iphoneos;
				SWIFT_OPTIMIZATION_LEVEL = "-Owholemodule";
				TARGETED_DEVICE_FAMILY = "1,2";
				VALIDATE_PRODUCT = YES;
			};
			name = Release;
		};
		3D6D442C1EBA5C2D0052F5FE /* Debug */ = {
			isa = XCBuildConfiguration;
			buildSettings = {
				ASSETCATALOG_COMPILER_APPICON_NAME = AppIcon;
				DEVELOPMENT_TEAM = EJ39HX343P;
				INFOPLIST_FILE = TackyToe/Info.plist;
				LD_RUNPATH_SEARCH_PATHS = "$(inherited) @executable_path/Frameworks";
				PRODUCT_BUNDLE_IDENTIFIER = com.Kelly.TackyToe;
				PRODUCT_NAME = "$(TARGET_NAME)";
				SWIFT_VERSION = 3.0;
			};
			name = Debug;
		};
		3D6D442D1EBA5C2D0052F5FE /* Release */ = {
			isa = XCBuildConfiguration;
			buildSettings = {
				ASSETCATALOG_COMPILER_APPICON_NAME = AppIcon;
				DEVELOPMENT_TEAM = EJ39HX343P;
				INFOPLIST_FILE = TackyToe/Info.plist;
				LD_RUNPATH_SEARCH_PATHS = "$(inherited) @executable_path/Frameworks";
				PRODUCT_BUNDLE_IDENTIFIER = com.Kelly.TackyToe;
				PRODUCT_NAME = "$(TARGET_NAME)";
				SWIFT_VERSION = 3.0;
			};
			name = Release;
		};
		3D6D442F1EBA5C2D0052F5FE /* Debug */ = {
			isa = XCBuildConfiguration;
			buildSettings = {
				ALWAYS_EMBED_SWIFT_STANDARD_LIBRARIES = YES;
				BUNDLE_LOADER = "$(TEST_HOST)";
				INFOPLIST_FILE = TackyToeTests/Info.plist;
				LD_RUNPATH_SEARCH_PATHS = "$(inherited) @executable_path/Frameworks @loader_path/Frameworks";
				PRODUCT_BUNDLE_IDENTIFIER = com.Kelly.TackyToeTests;
				PRODUCT_NAME = "$(TARGET_NAME)";
				SWIFT_VERSION = 3.0;
				TEST_HOST = "$(BUILT_PRODUCTS_DIR)/TackyToe.app/TackyToe";
			};
			name = Debug;
		};
		3D6D44301EBA5C2D0052F5FE /* Release */ = {
			isa = XCBuildConfiguration;
			buildSettings = {
				ALWAYS_EMBED_SWIFT_STANDARD_LIBRARIES = YES;
				BUNDLE_LOADER = "$(TEST_HOST)";
				INFOPLIST_FILE = TackyToeTests/Info.plist;
				LD_RUNPATH_SEARCH_PATHS = "$(inherited) @executable_path/Frameworks @loader_path/Frameworks";
				PRODUCT_BUNDLE_IDENTIFIER = com.Kelly.TackyToeTests;
				PRODUCT_NAME = "$(TARGET_NAME)";
				SWIFT_VERSION = 3.0;
				TEST_HOST = "$(BUILT_PRODUCTS_DIR)/TackyToe.app/TackyToe";
			};
			name = Release;
		};
		3D6D44321EBA5C2D0052F5FE /* Debug */ = {
			isa = XCBuildConfiguration;
			buildSettings = {
				ALWAYS_EMBED_SWIFT_STANDARD_LIBRARIES = YES;
				INFOPLIST_FILE = TackyToeUITests/Info.plist;
				LD_RUNPATH_SEARCH_PATHS = "$(inherited) @executable_path/Frameworks @loader_path/Frameworks";
				PRODUCT_BUNDLE_IDENTIFIER = com.Kelly.TackyToeUITests;
				PRODUCT_NAME = "$(TARGET_NAME)";
				SWIFT_VERSION = 3.0;
				TEST_TARGET_NAME = TackyToe;
			};
			name = Debug;
		};
		3D6D44331EBA5C2D0052F5FE /* Release */ = {
			isa = XCBuildConfiguration;
			buildSettings = {
				ALWAYS_EMBED_SWIFT_STANDARD_LIBRARIES = YES;
				INFOPLIST_FILE = TackyToeUITests/Info.plist;
				LD_RUNPATH_SEARCH_PATHS = "$(inherited) @executable_path/Frameworks @loader_path/Frameworks";
				PRODUCT_BUNDLE_IDENTIFIER = com.Kelly.TackyToeUITests;
				PRODUCT_NAME = "$(TARGET_NAME)";
				SWIFT_VERSION = 3.0;
				TEST_TARGET_NAME = TackyToe;
			};
			name = Release;
		};
/* End XCBuildConfiguration section */

/* Begin XCConfigurationList section */
		3D6D43FE1EBA5C2C0052F5FE /* Build configuration list for PBXProject "TackyToe" */ = {
			isa = XCConfigurationList;
			buildConfigurations = (
				3D6D44291EBA5C2D0052F5FE /* Debug */,
				3D6D442A1EBA5C2D0052F5FE /* Release */,
			);
			defaultConfigurationIsVisible = 0;
			defaultConfigurationName = Release;
		};
		3D6D442B1EBA5C2D0052F5FE /* Build configuration list for PBXNativeTarget "TackyToe" */ = {
			isa = XCConfigurationList;
			buildConfigurations = (
				3D6D442C1EBA5C2D0052F5FE /* Debug */,
				3D6D442D1EBA5C2D0052F5FE /* Release */,
			);
			defaultConfigurationIsVisible = 0;
		};
		3D6D442E1EBA5C2D0052F5FE /* Build configuration list for PBXNativeTarget "TackyToeTests" */ = {
			isa = XCConfigurationList;
			buildConfigurations = (
				3D6D442F1EBA5C2D0052F5FE /* Debug */,
				3D6D44301EBA5C2D0052F5FE /* Release */,
			);
			defaultConfigurationIsVisible = 0;
		};
		3D6D44311EBA5C2D0052F5FE /* Build configuration list for PBXNativeTarget "TackyToeUITests" */ = {
			isa = XCConfigurationList;
			buildConfigurations = (
				3D6D44321EBA5C2D0052F5FE /* Debug */,
				3D6D44331EBA5C2D0052F5FE /* Release */,
			);
			defaultConfigurationIsVisible = 0;
		};
/* End XCConfigurationList section */
	};
	rootObject = 3D6D43FB1EBA5C2C0052F5FE /* Project object */;
}
